{
    "_meta": {
        "hash": {
            "sha256": "e078cae5e1029e66ba51e388c89f4e84db004631e2c2b96286068da46382b8ab"
        },
        "pipfile-spec": 6,
        "requires": {
            "python_version": "3.9"
        },
        "sources": [
            {
                "name": "pip_conf_index_global",
                "url": "https://mirrors.cernet.edu.cn/pypi/web/simple",
                "verify_ssl": true
            }
        ]
    },
    "default": {},
    "develop": {}
}
